
Microsoft Visual Studio Solution File, Format Version 12.00
# Visual Studio Version 16
VisualStudioVersion = 16.0.28803.352
MinimumVisualStudioVersion = 10.0.40219.1
Project("{9A19103F-16F7-4668-BE54-9A1E7A4F7556}") = "NatashaBenchmark", "test\NatashaBenchmark\NatashaBenchmark.csproj", "{9994C5A1-5AA6-42BC-91BE-F93922B7A4AA}"
EndProject
Project("{2150E333-8FDC-42A3-9474-1A3956D46DE8}") = "test", "test", "{1F267883-0864-4C1C-AE20-E2AF5457BA54}"
EndProject
Global
	GlobalSection(SolutionConfigurationPlatforms) = preSolution
		Debug|Any CPU = Debug|Any CPU
		Release|Any CPU = Release|Any CPU
	EndGlobalSection
	GlobalSection(ProjectConfigurationPlatforms) = postSolution
		{9994C5A1-5AA6-42BC-91BE-F93922B7A4AA}.Debug|Any CPU.ActiveCfg = Debug|Any CPU
		{9994C5A1-5AA6-42BC-91BE-F93922B7A4AA}.Debug|Any CPU.Build.0 = Debug|Any CPU
		{9994C5A1-5AA6-42BC-91BE-F93922B7A4AA}.Release|Any CPU.ActiveCfg = Release|Any CPU
		{9994C5A1-5AA6-42BC-91BE-F93922B7A4AA}.Release|Any CPU.Build.0 = Release|Any CPU
	EndGlobalSection
	GlobalSection(SolutionProperties) = preSolution
		HideSolutionNode = FALSE
	EndGlobalSection
	GlobalSection(NestedProjects) = preSolution
		{9994C5A1-5AA6-42BC-91BE-F93922B7A4AA} = {1F267883-0864-4C1C-AE20-E2AF5457BA54}
	EndGlobalSection
	GlobalSection(ExtensibilityGlobals) = postSolution
		SolutionGuid = {3004E730-B231-40FA-B75C-58D7DDE17679}
	EndGlobalSection
EndGlobal
